PODS:
  - BLListDataSource (0.9.13)
  - BLParseFetch (0.2.5):
    - BLListDataSource
    - Parse
  - Bolts/Tasks (1.8.4)
  - Parse (1.14.2):
    - Bolts/Tasks (~> 1.8)

DEPENDENCIES:
  - BLParseFetch (from `../`)

EXTERNAL SOURCES:
  BLParseFetch:
    :path: ../

SPEC CHECKSUMS:
  BLListDataSource: 7abbc605c07228ddab1f6f2cf592f04db23070d8
  BLParseFetch: b8bf1083363583690f54416298f5608a6ccc7833
  Bolts: 8a7995239dbe724f9cba2248b766d48b7ebdd322
  Parse: 4335d65f40cb3d43190d723144bbe1afb9c38230

PODFILE CHECKSUM: 34aff200fa9017bc4b04839301c50a3e61bb8e9b

COCOAPODS: 1.1.1
